// !$*UTF8*$!
{
	archiveVersion = 1;
	classes = {
	};
	objectVersion = 50;
	objects = {

/* Begin PBXBuildFile section */
		7A5FB0AF23EE932400C6B245 /* ShareViewController.swift in Sources */ = {isa = PBXBuildFile; fileRef = 7A5FB0AE23EE932400C6B245 /* ShareViewController.swift */; };
		7A5FB0B223EE932400C6B245 /* MainInterface.storyboard in Resources */ = {isa = PBXBuildFile; fileRef = 7A5FB0B023EE932400C6B245 /* MainInterface.storyboard */; };
		7A5FB0B623EE932400C6B245 /* ARLoad.appex in Embed App Extensions */ = {isa = PBXBuildFile; fileRef = 7A5FB0AC23EE932400C6B245 /* ARLoad.appex */; settings = {ATTRIBUTES = (RemoveHeadersOnCopy, ); }; };
		7ACC444B23E6BC09006F41A3 /* Token.swift in Sources */ = {isa = PBXBuildFile; fileRef = 7ACC444A23E6BC09006F41A3 /* Token.swift */; };
		7AD9856B23E6C60900FA06BD /* CatalogListViewController.swift in Sources */ = {isa = PBXBuildFile; fileRef = 7AD9856A23E6C60900FA06BD /* CatalogListViewController.swift */; };
		7AD9856D23E6C63500FA06BD /* CatalogListTableViewCell.swift in Sources */ = {isa = PBXBuildFile; fileRef = 7AD9856C23E6C63500FA06BD /* CatalogListTableViewCell.swift */; };
		7AD9856F23E6D15400FA06BD /* UsersListViewController.swift in Sources */ = {isa = PBXBuildFile; fileRef = 7AD9856E23E6D15400FA06BD /* UsersListViewController.swift */; };
		7AEB48D323EE983F007BBCAB /* ARClientModel.xcdatamodeld in Sources */ = {isa = PBXBuildFile; fileRef = 7AEB48D123EE983F007BBCAB /* ARClientModel.xcdatamodeld */; };
		7AF140AE23E5DB0C00FCAE7B /* AppDelegate.swift in Sources */ = {isa = PBXBuildFile; fileRef = 7AF140AD23E5DB0C00FCAE7B /* AppDelegate.swift */; };
		7AF140B523E5DB0C00FCAE7B /* Main.storyboard in Resources */ = {isa = PBXBuildFile; fileRef = 7AF140B323E5DB0C00FCAE7B /* Main.storyboard */; };
		7AF140B723E5DB0E00FCAE7B /* Assets.xcassets in Resources */ = {isa = PBXBuildFile; fileRef = 7AF140B623E5DB0E00FCAE7B /* Assets.xcassets */; };
		7AF140BA23E5DB0E00FCAE7B /* LaunchScreen.storyboard in Resources */ = {isa = PBXBuildFile; fileRef = 7AF140B823E5DB0E00FCAE7B /* LaunchScreen.storyboard */; };
		7AF140C223E5DB5900FCAE7B /* CoreDataStack.swift in Sources */ = {isa = PBXBuildFile; fileRef = 7AF140C123E5DB5900FCAE7B /* CoreDataStack.swift */; };
		7AF140C423E5DBCE00FCAE7B /* LoadViewController.swift in Sources */ = {isa = PBXBuildFile; fileRef = 7AF140C323E5DBCE00FCAE7B /* LoadViewController.swift */; };
		7AF140E923E6A0DF00FCAE7B /* User.swift in Sources */ = {isa = PBXBuildFile; fileRef = 7AF140E823E6A0DF00FCAE7B /* User.swift */; };
		7AF140EB23E6A0ED00FCAE7B /* Object.swift in Sources */ = {isa = PBXBuildFile; fileRef = 7AF140EA23E6A0ED00FCAE7B /* Object.swift */; };
		7AF140EE23E6A60900FCAE7B /* GlobalSettings.swift in Sources */ = {isa = PBXBuildFile; fileRef = 7AF140ED23E6A60900FCAE7B /* GlobalSettings.swift */; };
		7AF140F023E6AA7D00FCAE7B /* DataProvider.swift in Sources */ = {isa = PBXBuildFile; fileRef = 7AF140EF23E6AA7D00FCAE7B /* DataProvider.swift */; };
		7AFA642123EC830000B11BFD /* ARKit.jpeg in Resources */ = {isa = PBXBuildFile; fileRef = 7AFA642023EC830000B11BFD /* ARKit.jpeg */; };
/* End PBXBuildFile section */

/* Begin PBXContainerItemProxy section */
		7A5FB0B423EE932400C6B245 /* PBXContainerItemProxy */ = {
			isa = PBXContainerItemProxy;
			containerPortal = 7AF140A223E5DB0C00FCAE7B /* Project object */;
			proxyType = 1;
			remoteGlobalIDString = 7A5FB0AB23EE932400C6B245;
			remoteInfo = ARLoad;
		};
/* End PBXContainerItemProxy section */

/* Begin PBXCopyFilesBuildPhase section */
		7AFA643623EC942500B11BFD /* Embed App Extensions */ = {
			isa = PBXCopyFilesBuildPhase;
			buildActionMask = 2147483647;
			dstPath = "";
			dstSubfolderSpec = 13;
			files = (
				7A5FB0B623EE932400C6B245 /* ARLoad.appex in Embed App Extensions */,
			);
			name = "Embed App Extensions";
			runOnlyForDeploymentPostprocessing = 0;
		};
/* End PBXCopyFilesBuildPhase section */

/* Begin PBXFileReference section */
		7A5FB0AC23EE932400C6B245 /* ARLoad.appex */ = {isa = PBXFileReference; explicitFileType = "wrapper.app-extension"; includeInIndex = 0; path = ARLoad.appex; sourceTree = BUILT_PRODUCTS_DIR; };
		7A5FB0AE23EE932400C6B245 /* ShareViewController.swift */ = {isa = PBXFileReference; lastKnownFileType = sourcecode.swift; path = ShareViewController.swift; sourceTree = "<group>"; };
		7A5FB0B123EE932400C6B245 /* Base */ = {isa = PBXFileReference; lastKnownFileType = file.storyboard; name = Base; path = Base.lproj/MainInterface.storyboard; sourceTree = "<group>"; };
		7A5FB0B323EE932400C6B245 /* Info.plist */ = {isa = PBXFileReference; lastKnownFileType = text.plist.xml; path = Info.plist; sourceTree = "<group>"; };
		7A5FB0BA23EE936A00C6B245 /* ARLoad.entitlements */ = {isa = PBXFileReference; lastKnownFileType = text.plist.entitlements; path = ARLoad.entitlements; sourceTree = "<group>"; };
		7A5FB0BB23EE93BD00C6B245 /* ARClient.entitlements */ = {isa = PBXFileReference; lastKnownFileType = text.plist.entitlements; path = ARClient.entitlements; sourceTree = "<group>"; };
		7ACC444A23E6BC09006F41A3 /* Token.swift */ = {isa = PBXFileReference; lastKnownFileType = sourcecode.swift; path = Token.swift; sourceTree = "<group>"; };
		7AD9856A23E6C60900FA06BD /* CatalogListViewController.swift */ = {isa = PBXFileReference; lastKnownFileType = sourcecode.swift; path = CatalogListViewController.swift; sourceTree = "<group>"; };
		7AD9856C23E6C63500FA06BD /* CatalogListTableViewCell.swift */ = {isa = PBXFileReference; lastKnownFileType = sourcecode.swift; path = CatalogListTableViewCell.swift; sourceTree = "<group>"; };
		7AD9856E23E6D15400FA06BD /* UsersListViewController.swift */ = {isa = PBXFileReference; lastKnownFileType = sourcecode.swift; path = UsersListViewController.swift; sourceTree = "<group>"; };
		7AEB48D223EE983F007BBCAB /* ARClientModel.xcdatamodel */ = {isa = PBXFileReference; lastKnownFileType = wrapper.xcdatamodel; path = ARClientModel.xcdatamodel; sourceTree = "<group>"; };
		7AF140AA23E5DB0C00FCAE7B /* ARClient.app */ = {isa = PBXFileReference; explicitFileType = wrapper.application; includeInIndex = 0; path = ARClient.app; sourceTree = BUILT_PRODUCTS_DIR; };
		7AF140AD23E5DB0C00FCAE7B /* AppDelegate.swift */ = {isa = PBXFileReference; lastKnownFileType = sourcecode.swift; path = AppDelegate.swift; sourceTree = "<group>"; };
		7AF140B423E5DB0C00FCAE7B /* Base */ = {isa = PBXFileReference; lastKnownFileType = file.storyboard; name = Base; path = Base.lproj/Main.storyboard; sourceTree = "<group>"; };
		7AF140B623E5DB0E00FCAE7B /* Assets.xcassets */ = {isa = PBXFileReference; lastKnownFileType = folder.assetcatalog; path = Assets.xcassets; sourceTree = "<group>"; };
		7AF140B923E5DB0E00FCAE7B /* Base */ = {isa = PBXFileReference; lastKnownFileType = file.storyboard; name = Base; path = Base.lproj/LaunchScreen.storyboard; sourceTree = "<group>"; };
		7AF140BB23E5DB0E00FCAE7B /* Info.plist */ = {isa = PBXFileReference; lastKnownFileType = text.plist.xml; path = Info.plist; sourceTree = "<group>"; };
		7AF140C123E5DB5900FCAE7B /* CoreDataStack.swift */ = {isa = PBXFileReference; lastKnownFileType = sourcecode.swift; path = CoreDataStack.swift; sourceTree = "<group>"; };
		7AF140C323E5DBCE00FCAE7B /* LoadViewController.swift */ = {isa = PBXFileReference; lastKnownFileType = sourcecode.swift; path = LoadViewController.swift; sourceTree = "<group>"; };
		7AF140E823E6A0DF00FCAE7B /* User.swift */ = {isa = PBXFileReference; lastKnownFileType = sourcecode.swift; path = User.swift; sourceTree = "<group>"; };
		7AF140EA23E6A0ED00FCAE7B /* Object.swift */ = {isa = PBXFileReference; lastKnownFileType = sourcecode.swift; path = Object.swift; sourceTree = "<group>"; };
		7AF140ED23E6A60900FCAE7B /* GlobalSettings.swift */ = {isa = PBXFileReference; lastKnownFileType = sourcecode.swift; path = GlobalSettings.swift; sourceTree = "<group>"; };
		7AF140EF23E6AA7D00FCAE7B /* DataProvider.swift */ = {isa = PBXFileReference; lastKnownFileType = sourcecode.swift; path = DataProvider.swift; sourceTree = "<group>"; };
		7AFA642023EC830000B11BFD /* ARKit.jpeg */ = {isa = PBXFileReference; lastKnownFileType = image.jpeg; path = ARKit.jpeg; sourceTree = "<group>"; };
/* End PBXFileReference section */

/* Begin PBXFrameworksBuildPhase section */
		7A5FB0A923EE932400C6B245 /* Frameworks */ = {
			isa = PBXFrameworksBuildPhase;
			buildActionMask = 2147483647;
			files = (
			);
			runOnlyForDeploymentPostprocessing = 0;
		};
		7AF140A723E5DB0C00FCAE7B /* Frameworks */ = {
			isa = PBXFrameworksBuildPhase;
			buildActionMask = 2147483647;
			files = (
			);
			runOnlyForDeploymentPostprocessing = 0;
		};
/* End PBXFrameworksBuildPhase section */

/* Begin PBXGroup section */
		7A5FB0AD23EE932400C6B245 /* ARLoad */ = {
			isa = PBXGroup;
			children = (
				7A5FB0BA23EE936A00C6B245 /* ARLoad.entitlements */,
				7A5FB0AE23EE932400C6B245 /* ShareViewController.swift */,
				7A5FB0B023EE932400C6B245 /* MainInterface.storyboard */,
				7A5FB0B323EE932400C6B245 /* Info.plist */,
			);
			path = ARLoad;
			sourceTree = "<group>";
		};
		7ACC437B23E6B3C4006F41A3 /* Data */ = {
			isa = PBXGroup;
			children = (
				7AF140EF23E6AA7D00FCAE7B /* DataProvider.swift */,
				7AF140C323E5DBCE00FCAE7B /* LoadViewController.swift */,
			);
			path = Data;
			sourceTree = "<group>";
		};
		7AD9856923E6C5CF00FA06BD /* Catalog */ = {
			isa = PBXGroup;
			children = (
				7AD9856A23E6C60900FA06BD /* CatalogListViewController.swift */,
				7AD9856C23E6C63500FA06BD /* CatalogListTableViewCell.swift */,
			);
			path = Catalog;
			sourceTree = "<group>";
		};
		7AD9857023E6D15B00FA06BD /* Users */ = {
			isa = PBXGroup;
			children = (
				7AD9856E23E6D15400FA06BD /* UsersListViewController.swift */,
			);
			path = Users;
			sourceTree = "<group>";
		};
		7AF140A123E5DB0C00FCAE7B = {
			isa = PBXGroup;
			children = (
				7AF140AC23E5DB0C00FCAE7B /* ARClient */,
				7A5FB0AD23EE932400C6B245 /* ARLoad */,
				7AF140AB23E5DB0C00FCAE7B /* Products */,
			);
			sourceTree = "<group>";
		};
		7AF140AB23E5DB0C00FCAE7B /* Products */ = {
			isa = PBXGroup;
			children = (
				7AF140AA23E5DB0C00FCAE7B /* ARClient.app */,
				7A5FB0AC23EE932400C6B245 /* ARLoad.appex */,
			);
			name = Products;
			sourceTree = "<group>";
		};
		7AF140AC23E5DB0C00FCAE7B /* ARClient */ = {
			isa = PBXGroup;
			children = (
				7A5FB0BB23EE93BD00C6B245 /* ARClient.entitlements */,
				7AF140E723E6A06000FCAE7B /* Main */,
				7ACC437B23E6B3C4006F41A3 /* Data */,
				7AD9856923E6C5CF00FA06BD /* Catalog */,
				7AF140EC23E6A0FC00FCAE7B /* Model */,
				7AF140B323E5DB0C00FCAE7B /* Main.storyboard */,
				7AD9857023E6D15B00FA06BD /* Users */,
				7AF140B623E5DB0E00FCAE7B /* Assets.xcassets */,
				7AF140B823E5DB0E00FCAE7B /* LaunchScreen.storyboard */,
				7AF140BB23E5DB0E00FCAE7B /* Info.plist */,
				7AFA642023EC830000B11BFD /* ARKit.jpeg */,
			);
			path = ARClient;
			sourceTree = "<group>";
		};
		7AF140E723E6A06000FCAE7B /* Main */ = {
			isa = PBXGroup;
			children = (
				7AF140AD23E5DB0C00FCAE7B /* AppDelegate.swift */,
				7AF140C123E5DB5900FCAE7B /* CoreDataStack.swift */,
				7AF140ED23E6A60900FCAE7B /* GlobalSettings.swift */,
			);
			path = Main;
			sourceTree = "<group>";
		};
		7AF140EC23E6A0FC00FCAE7B /* Model */ = {
			isa = PBXGroup;
			children = (
				7AEB48D123EE983F007BBCAB /* ARClientModel.xcdatamodeld */,
				7AF140E823E6A0DF00FCAE7B /* User.swift */,
				7AF140EA23E6A0ED00FCAE7B /* Object.swift */,
				7ACC444A23E6BC09006F41A3 /* Token.swift */,
			);
			path = Model;
			sourceTree = "<group>";
		};
/* End PBXGroup section */

/* Begin PBXNativeTarget section */
		7A5FB0AB23EE932400C6B245 /* ARLoad */ = {
			isa = PBXNativeTarget;
			buildConfigurationList = 7A5FB0B723EE932400C6B245 /* Build configuration list for PBXNativeTarget "ARLoad" */;
			buildPhases = (
				7A5FB0A823EE932400C6B245 /* Sources */,
				7A5FB0A923EE932400C6B245 /* Frameworks */,
				7A5FB0AA23EE932400C6B245 /* Resources */,
			);
			buildRules = (
			);
			dependencies = (
			);
			name = ARLoad;
			productName = ARLoad;
			productReference = 7A5FB0AC23EE932400C6B245 /* ARLoad.appex */;
			productType = "com.apple.product-type.app-extension";
		};
		7AF140A923E5DB0C00FCAE7B /* ARClient */ = {
			isa = PBXNativeTarget;
			buildConfigurationList = 7AF140BE23E5DB0E00FCAE7B /* Build configuration list for PBXNativeTarget "ARClient" */;
			buildPhases = (
				7AF140A623E5DB0C00FCAE7B /* Sources */,
				7AF140A723E5DB0C00FCAE7B /* Frameworks */,
				7AF140A823E5DB0C00FCAE7B /* Resources */,
				7AFA643623EC942500B11BFD /* Embed App Extensions */,
			);
			buildRules = (
			);
			dependencies = (
				7A5FB0B523EE932400C6B245 /* PBXTargetDependency */,
			);
			name = ARClient;
			productName = ARClient;
			productReference = 7AF140AA23E5DB0C00FCAE7B /* ARClient.app */;
			productType = "com.apple.product-type.application";
		};
/* End PBXNativeTarget section */

/* Begin PBXProject section */
		7AF140A223E5DB0C00FCAE7B /* Project object */ = {
			isa = PBXProject;
			attributes = {
				LastSwiftUpdateCheck = 1130;
				LastUpgradeCheck = 1130;
				ORGANIZATIONNAME = "Denis Zubkov";
				TargetAttributes = {
					7A5FB0AB23EE932400C6B245 = {
						CreatedOnToolsVersion = 11.3.1;
					};
					7AF140A923E5DB0C00FCAE7B = {
						CreatedOnToolsVersion = 11.3.1;
					};
				};
			};
			buildConfigurationList = 7AF140A523E5DB0C00FCAE7B /* Build configuration list for PBXProject "ARClient" */;
			compatibilityVersion = "Xcode 9.3";
			developmentRegion = en;
			hasScannedForEncodings = 0;
			knownRegions = (
				en,
				Base,
			);
			mainGroup = 7AF140A123E5DB0C00FCAE7B;
			productRefGroup = 7AF140AB23E5DB0C00FCAE7B /* Products */;
			projectDirPath = "";
			projectRoot = "";
			targets = (
				7AF140A923E5DB0C00FCAE7B /* ARClient */,
				7A5FB0AB23EE932400C6B245 /* ARLoad */,
			);
		};
/* End PBXProject section */

/* Begin PBXResourcesBuildPhase section */
		7A5FB0AA23EE932400C6B245 /* Resources */ = {
			isa = PBXResourcesBuildPhase;
			buildActionMask = 2147483647;
			files = (
				7A5FB0B223EE932400C6B245 /* MainInterface.storyboard in Resources */,
			);
			runOnlyForDeploymentPostprocessing = 0;
		};
		7AF140A823E5DB0C00FCAE7B /* Resources */ = {
			isa = PBXResourcesBuildPhase;
			buildActionMask = 2147483647;
			files = (
				7AF140BA23E5DB0E00FCAE7B /* LaunchScreen.storyboard in Resources */,
				7AF140B723E5DB0E00FCAE7B /* Assets.xcassets in Resources */,
				7AF140B523E5DB0C00FCAE7B /* Main.storyboard in Resources */,
				7AFA642123EC830000B11BFD /* ARKit.jpeg in Resources */,
			);
			runOnlyForDeploymentPostprocessing = 0;
		};
/* End PBXResourcesBuildPhase section */

/* Begin PBXSourcesBuildPhase section */
		7A5FB0A823EE932400C6B245 /* Sources */ = {
			isa = PBXSourcesBuildPhase;
			buildActionMask = 2147483647;
			files = (
				7A5FB0AF23EE932400C6B245 /* ShareViewController.swift in Sources */,
			);
			runOnlyForDeploymentPostprocessing = 0;
		};
		7AF140A623E5DB0C00FCAE7B /* Sources */ = {
			isa = PBXSourcesBuildPhase;
			buildActionMask = 2147483647;
			files = (
				7ACC444B23E6BC09006F41A3 /* Token.swift in Sources */,
				7AF140C423E5DBCE00FCAE7B /* LoadViewController.swift in Sources */,
				7AD9856D23E6C63500FA06BD /* CatalogListTableViewCell.swift in Sources */,
				7AD9856B23E6C60900FA06BD /* CatalogListViewController.swift in Sources */,
				7AF140AE23E5DB0C00FCAE7B /* AppDelegate.swift in Sources */,
				7AEB48D323EE983F007BBCAB /* ARClientModel.xcdatamodeld in Sources */,
				7AD9856F23E6D15400FA06BD /* UsersListViewController.swift in Sources */,
				7AF140F023E6AA7D00FCAE7B /* DataProvider.swift in Sources */,
				7AF140C223E5DB5900FCAE7B /* CoreDataStack.swift in Sources */,
				7AF140EE23E6A60900FCAE7B /* GlobalSettings.swift in Sources */,
				7AF140E923E6A0DF00FCAE7B /* User.swift in Sources */,
				7AF140EB23E6A0ED00FCAE7B /* Object.swift in Sources */,
			);
			runOnlyForDeploymentPostprocessing = 0;
		};
/* End PBXSourcesBuildPhase section */

/* Begin PBXTargetDependency section */
		7A5FB0B523EE932400C6B245 /* PBXTargetDependency */ = {
			isa = PBXTargetDependency;
			target = 7A5FB0AB23EE932400C6B245 /* ARLoad */;
			targetProxy = 7A5FB0B423EE932400C6B245 /* PBXContainerItemProxy */;
		};
/* End PBXTargetDependency section */

/* Begin PBXVariantGroup section */
		7A5FB0B023EE932400C6B245 /* MainInterface.storyboard */ = {
			isa = PBXVariantGroup;
			children = (
				7A5FB0B123EE932400C6B245 /* Base */,
			);
			name = MainInterface.storyboard;
			sourceTree = "<group>";
		};
		7AF140B323E5DB0C00FCAE7B /* Main.storyboard */ = {
			isa = PBXVariantGroup;
			children = (
				7AF140B423E5DB0C00FCAE7B /* Base */,
			);
			name = Main.storyboard;
			sourceTree = "<group>";
		};
		7AF140B823E5DB0E00FCAE7B /* LaunchScreen.storyboard */ = {
			isa = PBXVariantGroup;
			children = (
				7AF140B923E5DB0E00FCAE7B /* Base */,
			);
			name = LaunchScreen.storyboard;
			sourceTree = "<group>";
		};
/* End PBXVariantGroup section */

/* Begin XCBuildConfiguration section */
		7A5FB0B823EE932400C6B245 /* Debug */ = {
			isa = XCBuildConfiguration;
			buildSettings = {
				CODE_SIGN_ENTITLEMENTS = ARLoad/ARLoad.entitlements;
				CODE_SIGN_STYLE = Automatic;
				DEVELOPMENT_TEAM = KA9VGY5669;
				INFOPLIST_FILE = ARLoad/Info.plist;
				LD_RUNPATH_SEARCH_PATHS = (
					"$(inherited)",
					"@executable_path/Frameworks",
					"@executable_path/../../Frameworks",
				);
				PRODUCT_BUNDLE_IDENTIFIER = ru.denzu.ARClient.ARLoad;
				PRODUCT_NAME = "$(TARGET_NAME)";
				SKIP_INSTALL = YES;
				SWIFT_VERSION = 5.0;
				TARGETED_DEVICE_FAMILY = "1,2";
			};
			name = Debug;
		};
		7A5FB0B923EE932400C6B245 /* Release */ = {
			isa = XCBuildConfiguration;
			buildSettings = {
				CODE_SIGN_ENTITLEMENTS = ARLoad/ARLoad.entitlements;
				CODE_SIGN_STYLE = Automatic;
				DEVELOPMENT_TEAM = KA9VGY5669;
				INFOPLIST_FILE = ARLoad/Info.plist;
				LD_RUNPATH_SEARCH_PATHS = (
					"$(inherited)",
					"@executable_path/Frameworks",
					"@executable_path/../../Frameworks",
				);
				PRODUCT_BUNDLE_IDENTIFIER = ru.denzu.ARClient.ARLoad;
				PRODUCT_NAME = "$(TARGET_NAME)";
				SKIP_INSTALL = YES;
				SWIFT_VERSION = 5.0;
				TARGETED_DEVICE_FAMILY = "1,2";
			};
			name = Release;
		};
		7AF140BC23E5DB0E00FCAE7B /* Debug */ = {
			isa = XCBuildConfiguration;
			buildSettings = {
				ALWAYS_SEARCH_USER_PATHS = NO;
				CLANG_ANALYZER_NONNULL = YES;
				CLANG_ANALYZER_NUMBER_OBJECT_CONVERSION = YES_AGGRESSIVE;
				CLANG_CXX_LANGUAGE_STANDARD = "gnu++14";
				CLANG_CXX_LIBRARY = "libc++";
				CLANG_ENABLE_MODULES = YES;
				CLANG_ENABLE_OBJC_ARC = YES;
				CLANG_ENABLE_OBJC_WEAK = YES;
				CLANG_WARN_BLOCK_CAPTURE_AUTORELEASING = YES;
				CLANG_WARN_BOOL_CONVERSION = YES;
				CLANG_WARN_COMMA = YES;
				CLANG_WARN_CONSTANT_CONVERSION = YES;
				CLANG_WARN_DEPRECATED_OBJC_IMPLEMENTATIONS = YES;
				CLANG_WARN_DIRECT_OBJC_ISA_USAGE = YES_ERROR;
				CLANG_WARN_DOCUMENTATION_COMMENTS = YES;
				CLANG_WARN_EMPTY_BODY = YES;
				CLANG_WARN_ENUM_CONVERSION = YES;
				CLANG_WARN_INFINITE_RECURSION = YES;
				CLANG_WARN_INT_CONVERSION = YES;
				CLANG_WARN_NON_LITERAL_NULL_CONVERSION = YES;
				CLANG_WARN_OBJC_IMPLICIT_RETAIN_SELF = YES;
				CLANG_WARN_OBJC_LITERAL_CONVERSION = YES;
				CLANG_WARN_OBJC_ROOT_CLASS = YES_ERROR;
				CLANG_WARN_RANGE_LOOP_ANALYSIS = YES;
				CLANG_WARN_STRICT_PROTOTYPES = YES;
				CLANG_WARN_SUSPICIOUS_MOVE = YES;
				CLANG_WARN_UNGUARDED_AVAILABILITY = YES_AGGRESSIVE;
				CLANG_WARN_UNREACHABLE_CODE = YES;
				CLANG_WARN__DUPLICATE_METHOD_MATCH = YES;
				COPY_PHASE_STRIP = NO;
				DEBUG_INFORMATION_FORMAT = dwarf;
				ENABLE_STRICT_OBJC_MSGSEND = YES;
				ENABLE_TESTABILITY = YES;
				GCC_C_LANGUAGE_STANDARD = gnu11;
				GCC_DYNAMIC_NO_PIC = NO;
				GCC_NO_COMMON_BLOCKS = YES;
				GCC_OPTIMIZATION_LEVEL = 0;
				GCC_PREPROCESSOR_DEFINITIONS = (
					"DEBUG=1",
					"$(inherited)",
				);
				GCC_WARN_64_TO_32_BIT_CONVERSION = YES;
				GCC_WARN_ABOUT_RETURN_TYPE = YES_ERROR;
				GCC_WARN_UNDECLARED_SELECTOR = YES;
				GCC_WARN_UNINITIALIZED_AUTOS = YES_AGGRESSIVE;
				GCC_WARN_UNUSED_FUNCTION = YES;
				GCC_WARN_UNUSED_VARIABLE = YES;
				IPHONEOS_DEPLOYMENT_TARGET = 13.2;
				MTL_ENABLE_DEBUG_INFO = INCLUDE_SOURCE;
				MTL_FAST_MATH = YES;
				ONLY_ACTIVE_ARCH = YES;
				SDKROOT = iphoneos;
				SWIFT_ACTIVE_COMPILATION_CONDITIONS = DEBUG;
				SWIFT_OPTIMIZATION_LEVEL = "-Onone";
			};
			name = Debug;
		};
		7AF140BD23E5DB0E00FCAE7B /* Release */ = {
			isa = XCBuildConfiguration;
			buildSettings = {
				ALWAYS_SEARCH_USER_PATHS = NO;
				CLANG_ANALYZER_NONNULL = YES;
				CLANG_ANALYZER_NUMBER_OBJECT_CONVERSION = YES_AGGRESSIVE;
				CLANG_CXX_LANGUAGE_STANDARD = "gnu++14";
				CLANG_CXX_LIBRARY = "libc++";
				CLANG_ENABLE_MODULES = YES;
				CLANG_ENABLE_OBJC_ARC = YES;
				CLANG_ENABLE_OBJC_WEAK = YES;
				CLANG_WARN_BLOCK_CAPTURE_AUTORELEASING = YES;
				CLANG_WARN_BOOL_CONVERSION = YES;
				CLANG_WARN_COMMA = YES;
				CLANG_WARN_CONSTANT_CONVERSION = YES;
				CLANG_WARN_DEPRECATED_OBJC_IMPLEMENTATIONS = YES;
				CLANG_WARN_DIRECT_OBJC_ISA_USAGE = YES_ERROR;
				CLANG_WARN_DOCUMENTATION_COMMENTS = YES;
				CLANG_WARN_EMPTY_BODY = YES;
				CLANG_WARN_ENUM_CONVERSION = YES;
				CLANG_WARN_INFINITE_RECURSION = YES;
				CLANG_WARN_INT_CONVERSION = YES;
				CLANG_WARN_NON_LITERAL_NULL_CONVERSION = YES;
				CLANG_WARN_OBJC_IMPLICIT_RETAIN_SELF = YES;
				CLANG_WARN_OBJC_LITERAL_CONVERSION = YES;
				CLANG_WARN_OBJC_ROOT_CLASS = YES_ERROR;
				CLANG_WARN_RANGE_LOOP_ANALYSIS = YES;
				CLANG_WARN_STRICT_PROTOTYPES = YES;
				CLANG_WARN_SUSPICIOUS_MOVE = YES;
				CLANG_WARN_UNGUARDED_AVAILABILITY = YES_AGGRESSIVE;
				CLANG_WARN_UNREACHABLE_CODE = YES;
				CLANG_WARN__DUPLICATE_METHOD_MATCH = YES;
				COPY_PHASE_STRIP = NO;
				DEBUG_INFORMATION_FORMAT = "dwarf-with-dsym";
				ENABLE_NS_ASSERTIONS = NO;
				ENABLE_STRICT_OBJC_MSGSEND = YES;
				GCC_C_LANGUAGE_STANDARD = gnu11;
				GCC_NO_COMMON_BLOCKS = YES;
				GCC_WARN_64_TO_32_BIT_CONVERSION = YES;
				GCC_WARN_ABOUT_RETURN_TYPE = YES_ERROR;
				GCC_WARN_UNDECLARED_SELECTOR = YES;
				GCC_WARN_UNINITIALIZED_AUTOS = YES_AGGRESSIVE;
				GCC_WARN_UNUSED_FUNCTION = YES;
				GCC_WARN_UNUSED_VARIABLE = YES;
				IPHONEOS_DEPLOYMENT_TARGET = 13.2;
				MTL_ENABLE_DEBUG_INFO = NO;
				MTL_FAST_MATH = YES;
				SDKROOT = iphoneos;
				SWIFT_COMPILATION_MODE = wholemodule;
				SWIFT_OPTIMIZATION_LEVEL = "-O";
				VALIDATE_PRODUCT = YES;
			};
			name = Release;
		};
		7AF140BF23E5DB0E00FCAE7B /* Debug */ = {
			isa = XCBuildConfiguration;
			buildSettings = {
				ALWAYS_EMBED_SWIFT_STANDARD_LIBRARIES = YES;
				ASSETCATALOG_COMPILER_APPICON_NAME = AppIcon;
				CODE_SIGN_ENTITLEMENTS = ARClient/ARClient.entitlements;
				CODE_SIGN_STYLE = Automatic;
				DEVELOPMENT_TEAM = KA9VGY5669;
				INFOPLIST_FILE = ARClient/Info.plist;
				IPHONEOS_DEPLOYMENT_TARGET = 12.4;
				LD_RUNPATH_SEARCH_PATHS = (
					"$(inherited)",
					"@executable_path/Frameworks",
				);
				PRODUCT_BUNDLE_IDENTIFIER = ru.denzu.ARClient;
				PRODUCT_NAME = "$(TARGET_NAME)";
				SWIFT_VERSION = 5.0;
				TARGETED_DEVICE_FAMILY = 1;
			};
			name = Debug;
		};
		7AF140C023E5DB0E00FCAE7B /* Release */ = {
			isa = XCBuildConfiguration;
			buildSettings = {
				ALWAYS_EMBED_SWIFT_STANDARD_LIBRARIES = YES;
				ASSETCATALOG_COMPILER_APPICON_NAME = AppIcon;
				CODE_SIGN_ENTITLEMENTS = ARClient/ARClient.entitlements;
				CODE_SIGN_STYLE = Automatic;
				DEVELOPMENT_TEAM = KA9VGY5669;
				INFOPLIST_FILE = ARClient/Info.plist;
				IPHONEOS_DEPLOYMENT_TARGET = 12.4;
				LD_RUNPATH_SEARCH_PATHS = (
					"$(inherited)",
					"@executable_path/Frameworks",
				);
				PRODUCT_BUNDLE_IDENTIFIER = ru.denzu.ARClient;
				PRODUCT_NAME = "$(TARGET_NAME)";
				SWIFT_VERSION = 5.0;
				TARGETED_DEVICE_FAMILY = 1;
			};
			name = Release;
		};
/* End XCBuildConfiguration section */

/* Begin XCConfigurationList section */
		7A5FB0B723EE932400C6B245 /* Build configuration list for PBXNativeTarget "ARLoad" */ = {
			isa = XCConfigurationList;
			buildConfigurations = (
				7A5FB0B823EE932400C6B245 /* Debug */,
				7A5FB0B923EE932400C6B245 /* Release */,
			);
			defaultConfigurationIsVisible = 0;
			defaultConfigurationName = Release;
		};
		7AF140A523E5DB0C00FCAE7B /* Build configuration list for PBXProject "ARClient" */ = {
			isa = XCConfigurationList;
			buildConfigurations = (
				7AF140BC23E5DB0E00FCAE7B /* Debug */,
				7AF140BD23E5DB0E00FCAE7B /* Release */,
			);
			defaultConfigurationIsVisible = 0;
			defaultConfigurationName = Release;
		};
		7AF140BE23E5DB0E00FCAE7B /* Build configuration list for PBXNativeTarget "ARClient" */ = {
			isa = XCConfigurationList;
			buildConfigurations = (
				7AF140BF23E5DB0E00FCAE7B /* Debug */,
				7AF140C023E5DB0E00FCAE7B /* Release */,
			);
			defaultConfigurationIsVisible = 0;
			defaultConfigurationName = Release;
		};
/* End XCConfigurationList section */

/* Begin XCVersionGroup section */
		7AEB48D123EE983F007BBCAB /* ARClientModel.xcdatamodeld */ = {
			isa = XCVersionGroup;
			children = (
				7AEB48D223EE983F007BBCAB /* ARClientModel.xcdatamodel */,
			);
			currentVersion = 7AEB48D223EE983F007BBCAB /* ARClientModel.xcdatamodel */;
			path = ARClientModel.xcdatamodeld;
			sourceTree = "<group>";
			versionGroupType = wrapper.xcdatamodel;
		};
/* End XCVersionGroup section */
	};
	rootObject = 7AF140A223E5DB0C00FCAE7B /* Project object */;
}
